
Microsoft Visual Studio Solution File, Format Version 12.00
# Visual Studio Version 16
VisualStudioVersion = 16.0.31205.134
MinimumVisualStudioVersion = 10.0.40219.1
Project("{FAE04EC0-301F-11D3-BF4B-00C04F79EFBC}") = "TheMovieDbApiClient", "TheMovieDbApiClient\TheMovieDbApiClient.csproj", "{431D060B-B666-4E8A-BB4E-3F6F72F9F05D}"
EndProject
Global
	GlobalSection(SolutionConfigurationPlatforms) = preSolution
		Debug|Any CPU = Debug|Any CPU
		Release|Any CPU = Release|Any CPU
	EndGlobalSection
	GlobalSection(ProjectConfigurationPlatforms) = postSolution
		{431D060B-B666-4E8A-BB4E-3F6F72F9F05D}.Debug|Any CPU.ActiveCfg = Debug|Any CPU
		{431D060B-B666-4E8A-BB4E-3F6F72F9F05D}.Debug|Any CPU.Build.0 = Debug|Any CPU
		{431D060B-B666-4E8A-BB4E-3F6F72F9F05D}.Release|Any CPU.ActiveCfg = Release|Any CPU
		{431D060B-B666-4E8A-BB4E-3F6F72F9F05D}.Release|Any CPU.Build.0 = Release|Any CPU
	EndGlobalSection
	GlobalSection(SolutionProperties) = preSolution
		HideSolutionNode = FALSE
	EndGlobalSection
	GlobalSection(ExtensibilityGlobals) = postSolution
		SolutionGuid = {5C94616C-204D-46BE-89C5-9D402E1204DB}
	EndGlobalSection
EndGlobal
